
Microsoft Visual Studio Solution File, Format Version 12.00
# Visual Studio Version 16
VisualStudioVersion = 16.0.30204.135
MinimumVisualStudioVersion = 10.0.40219.1
Project("{FAE04EC0-301F-11D3-BF4B-00C04F79EFBC}") = "HomeWork_1_Aziz_Gasimov_CLGHGW", "HomeWork_1_Aziz_Gasimov_CLGHGW\HomeWork_1_Aziz_Gasimov_CLGHGW.csproj", "{F6350F72-DF64-4A08-9C5A-9B92B1B6A8F6}"
EndProject
Project("{FAE04EC0-301F-11D3-BF4B-00C04F79EFBC}") = "HomeWork_2", "HomeWork_2\HomeWork_2.csproj", "{C0B3F6E9-D2C9-4BF0-BD0A-150EAF95F8FE}"
EndProject
Project("{FAE04EC0-301F-11D3-BF4B-00C04F79EFBC}") = "HomeWork_3_Aziz_Gasimov", "HomeWork_3_Aziz_Gasimov\HomeWork_3_Aziz_Gasimov.csproj", "{880148E0-A56A-47B5-B812-8D903BA48714}"
EndProject
Global
	GlobalSection(SolutionConfigurationPlatforms) = preSolution
		Debug|Any CPU = Debug|Any CPU
		Release|Any CPU = Release|Any CPU
	EndGlobalSection
	GlobalSection(ProjectConfigurationPlatforms) = postSolution
		{F6350F72-DF64-4A08-9C5A-9B92B1B6A8F6}.Debug|Any CPU.ActiveCfg = Debug|Any CPU
		{F6350F72-DF64-4A08-9C5A-9B92B1B6A8F6}.Debug|Any CPU.Build.0 = Debug|Any CPU
		{F6350F72-DF64-4A08-9C5A-9B92B1B6A8F6}.Release|Any CPU.ActiveCfg = Release|Any CPU
		{F6350F72-DF64-4A08-9C5A-9B92B1B6A8F6}.Release|Any CPU.Build.0 = Release|Any CPU
		{C0B3F6E9-D2C9-4BF0-BD0A-150EAF95F8FE}.Debug|Any CPU.ActiveCfg = Debug|Any CPU
		{C0B3F6E9-D2C9-4BF0-BD0A-150EAF95F8FE}.Debug|Any CPU.Build.0 = Debug|Any CPU
		{C0B3F6E9-D2C9-4BF0-BD0A-150EAF95F8FE}.Release|Any CPU.ActiveCfg = Release|Any CPU
		{C0B3F6E9-D2C9-4BF0-BD0A-150EAF95F8FE}.Release|Any CPU.Build.0 = Release|Any CPU
		{880148E0-A56A-47B5-B812-8D903BA48714}.Debug|Any CPU.ActiveCfg = Debug|Any CPU
		{880148E0-A56A-47B5-B812-8D903BA48714}.Debug|Any CPU.Build.0 = Debug|Any CPU
		{880148E0-A56A-47B5-B812-8D903BA48714}.Release|Any CPU.ActiveCfg = Release|Any CPU
		{880148E0-A56A-47B5-B812-8D903BA48714}.Release|Any CPU.Build.0 = Release|Any CPU
	EndGlobalSection
	GlobalSection(SolutionProperties) = preSolution
		HideSolutionNode = FALSE
	EndGlobalSection
	GlobalSection(ExtensibilityGlobals) = postSolution
		SolutionGuid = {7254AFA8-F284-4D9E-A064-AF153F1FA7DB}
	EndGlobalSection
EndGlobal
